
Microsoft Visual Studio Solution File, Format Version 12.00
# Visual Studio Version 17
VisualStudioVersion = 17.6.33815.320
MinimumVisualStudioVersion = 10.0.40219.1
Project("{9A19103F-16F7-4668-BE54-9A1E7A4F7556}") = "BaltaDataAccesss", "BaltaDataAccesss\BaltaDataAccesss.csproj", "{BE0F258D-439C-47C8-913B-FAEDA095D53E}"
EndProject
Global
	GlobalSection(SolutionConfigurationPlatforms) = preSolution
		Debug|Any CPU = Debug|Any CPU
		Release|Any CPU = Release|Any CPU
	EndGlobalSection
	GlobalSection(ProjectConfigurationPlatforms) = postSolution
		{BE0F258D-439C-47C8-913B-FAEDA095D53E}.Debug|Any CPU.ActiveCfg = Debug|Any CPU
		{BE0F258D-439C-47C8-913B-FAEDA095D53E}.Debug|Any CPU.Build.0 = Debug|Any CPU
		{BE0F258D-439C-47C8-913B-FAEDA095D53E}.Release|Any CPU.ActiveCfg = Release|Any CPU
		{BE0F258D-439C-47C8-913B-FAEDA095D53E}.Release|Any CPU.Build.0 = Release|Any CPU
	EndGlobalSection
	GlobalSection(SolutionProperties) = preSolution
		HideSolutionNode = FALSE
	EndGlobalSection
	GlobalSection(ExtensibilityGlobals) = postSolution
		SolutionGuid = {0FF20894-49BA-4FF4-B8E4-22B317696E02}
	EndGlobalSection
EndGlobal
